
Microsoft Visual Studio Solution File, Format Version 12.00
# Visual Studio Version 16
VisualStudioVersion = 16.0.29503.13
MinimumVisualStudioVersion = 10.0.40219.1
Project("{FAE04EC0-301F-11D3-BF4B-00C04F79EFBC}") = "DynamoDBHealthCheck", "DynamoDBHealthCheck\DynamoDBHealthCheck.csproj", "{A1D51DB9-DC45-49C0-B376-D4D81DD8D80B}"
EndProject
Global
	GlobalSection(SolutionConfigurationPlatforms) = preSolution
		Debug|Any CPU = Debug|Any CPU
		Release|Any CPU = Release|Any CPU
	EndGlobalSection
	GlobalSection(ProjectConfigurationPlatforms) = postSolution
		{A1D51DB9-DC45-49C0-B376-D4D81DD8D80B}.Debug|Any CPU.ActiveCfg = Debug|Any CPU
		{A1D51DB9-DC45-49C0-B376-D4D81DD8D80B}.Debug|Any CPU.Build.0 = Debug|Any CPU
		{A1D51DB9-DC45-49C0-B376-D4D81DD8D80B}.Release|Any CPU.ActiveCfg = Release|Any CPU
		{A1D51DB9-DC45-49C0-B376-D4D81DD8D80B}.Release|Any CPU.Build.0 = Release|Any CPU
	EndGlobalSection
	GlobalSection(SolutionProperties) = preSolution
		HideSolutionNode = FALSE
	EndGlobalSection
	GlobalSection(ExtensibilityGlobals) = postSolution
		SolutionGuid = {61D30AFD-3F3A-44A3-A786-9FC442DF2B0A}
	EndGlobalSection
EndGlobal
